// !$*UTF8*$!
{
	archiveVersion = 1;
	classes = {
	};
	objectVersion = 56;
	objects = {

/* Begin PBXBuildFile section */
		52F626A68AE4A7A411AA5254 /* Pods_TestUndabot.framework in Frameworks */ = {isa = PBXBuildFile; fileRef = C77D02A10ADDDBEBD07244DF /* Pods_TestUndabot.framework */; };
		7D3DF7BC299A8B610054CC4C /* UIView.swift in Sources */ = {isa = PBXBuildFile; fileRef = 7D3DF7BB299A8B610054CC4C /* UIView.swift */; };
		7D3DF7BE299AA26F0054CC4C /* TUEmptyTableViewBackground.swift in Sources */ = {isa = PBXBuildFile; fileRef = 7D3DF7BD299AA26F0054CC4C /* TUEmptyTableViewBackground.swift */; };
		7D3DF7C0299BE2D50054CC4C /* TUUserDetailsViewController.swift in Sources */ = {isa = PBXBuildFile; fileRef = 7D3DF7BF299BE2D50054CC4C /* TUUserDetailsViewController.swift */; };
		7D3DF7C3299BE3E20054CC4C /* TUUserDetailsViewModel.swift in Sources */ = {isa = PBXBuildFile; fileRef = 7D3DF7C2299BE3E20054CC4C /* TUUserDetailsViewModel.swift */; };
		7D3DF7C5299BE5600054CC4C /* TUUser.swift in Sources */ = {isa = PBXBuildFile; fileRef = 7D3DF7C4299BE5600054CC4C /* TUUser.swift */; };
		7D3DF7CB299C73240054CC4C /* TUUserDetailView.swift in Sources */ = {isa = PBXBuildFile; fileRef = 7D3DF7CA299C73240054CC4C /* TUUserDetailView.swift */; };
		7D3DF7CF299D1C7C0054CC4C /* TUUserDetailPhotoCollectionViewCell.swift in Sources */ = {isa = PBXBuildFile; fileRef = 7D3DF7CE299D1C7B0054CC4C /* TUUserDetailPhotoCollectionViewCell.swift */; };
		7D3DF7D1299D1CB70054CC4C /* TUUserDetailsInfoCollectionViewCell.swift in Sources */ = {isa = PBXBuildFile; fileRef = 7D3DF7D0299D1CB70054CC4C /* TUUserDetailsInfoCollectionViewCell.swift */; };
		7D3DF7D3299D1CF70054CC4C /* TUUserDetailPhotoCollectionViewCellViewModel.swift in Sources */ = {isa = PBXBuildFile; fileRef = 7D3DF7D2299D1CF70054CC4C /* TUUserDetailPhotoCollectionViewCellViewModel.swift */; };
		7D3DF7D5299D1D110054CC4C /* TUUserDetailsInfoCollectionViewCellViewModel.swift in Sources */ = {isa = PBXBuildFile; fileRef = 7D3DF7D4299D1D110054CC4C /* TUUserDetailsInfoCollectionViewCellViewModel.swift */; };
		7D3DF7D8299D2F380054CC4C /* TUImageLoader.swift in Sources */ = {isa = PBXBuildFile; fileRef = 7D3DF7D7299D2F380054CC4C /* TUImageLoader.swift */; };
		7D3DF7DA299D36AD0054CC4C /* TUUserDetailsGitCollectionViewCell.swift in Sources */ = {isa = PBXBuildFile; fileRef = 7D3DF7D9299D36AD0054CC4C /* TUUserDetailsGitCollectionViewCell.swift */; };
		7D3DF7DC299D398F0054CC4C /* TUUserDetailsGitCollectionViewCellViewModel.swift in Sources */ = {isa = PBXBuildFile; fileRef = 7D3DF7DB299D398F0054CC4C /* TUUserDetailsGitCollectionViewCellViewModel.swift */; };
		7D5E8FF5299D5EA100387227 /* TURepositoryDetailsViewController.swift in Sources */ = {isa = PBXBuildFile; fileRef = 7D5E8FF4299D5EA100387227 /* TURepositoryDetailsViewController.swift */; };
		7D5E8FF9299D5FD900387227 /* TURepositoryDetailsView.swift in Sources */ = {isa = PBXBuildFile; fileRef = 7D5E8FF8299D5FD900387227 /* TURepositoryDetailsView.swift */; };
		7D5E8FFC299D601600387227 /* TURepositoryDetailsViewModel.swift in Sources */ = {isa = PBXBuildFile; fileRef = 7D5E8FFB299D601600387227 /* TURepositoryDetailsViewModel.swift */; };
		7D5E8FFF299D687800387227 /* TURepositoryDetailInfoCollectionViewCellViewModel.swift in Sources */ = {isa = PBXBuildFile; fileRef = 7D5E8FFE299D687800387227 /* TURepositoryDetailInfoCollectionViewCellViewModel.swift */; };
		7D5E9001299D696E00387227 /* TURepositoryDetailDatesCollectionViewCellViewModel.swift in Sources */ = {isa = PBXBuildFile; fileRef = 7D5E9000299D696E00387227 /* TURepositoryDetailDatesCollectionViewCellViewModel.swift */; };
		7D5E9003299D699A00387227 /* TURepositoryDetailUrlsCollectionViewCellViewModel.swift in Sources */ = {isa = PBXBuildFile; fileRef = 7D5E9002299D699A00387227 /* TURepositoryDetailUrlsCollectionViewCellViewModel.swift */; };
		7D5E9005299D709400387227 /* TURepositoryDetailInfoCollectionViewCell.swift in Sources */ = {isa = PBXBuildFile; fileRef = 7D5E9004299D709400387227 /* TURepositoryDetailInfoCollectionViewCell.swift */; };
		7D5E9007299D71AB00387227 /* TURepositoryDetailDatesCollectionViewCell.swift in Sources */ = {isa = PBXBuildFile; fileRef = 7D5E9006299D71AB00387227 /* TURepositoryDetailDatesCollectionViewCell.swift */; };
		7D5E9009299D71DB00387227 /* TURepositoryDetailUrlsCollectionViewCell.swift in Sources */ = {isa = PBXBuildFile; fileRef = 7D5E9008299D71DB00387227 /* TURepositoryDetailUrlsCollectionViewCell.swift */; };
		7D5E900C299DA96C00387227 /* TURepositoryDetailUserCollectionViewCellViewModel.swift in Sources */ = {isa = PBXBuildFile; fileRef = 7D5E900B299DA96B00387227 /* TURepositoryDetailUserCollectionViewCellViewModel.swift */; };
		7D5E900E299DAA3400387227 /* TURepositoryDetailUserCollectionViewCell.swift in Sources */ = {isa = PBXBuildFile; fileRef = 7D5E900D299DAA3400387227 /* TURepositoryDetailUserCollectionViewCell.swift */; };
		7D5FA58A299A659D002B5459 /* AppDelegate.swift in Sources */ = {isa = PBXBuildFile; fileRef = 7D5FA589299A659D002B5459 /* AppDelegate.swift */; };
		7D5FA58C299A659D002B5459 /* SceneDelegate.swift in Sources */ = {isa = PBXBuildFile; fileRef = 7D5FA58B299A659D002B5459 /* SceneDelegate.swift */; };
		7D5FA58E299A659D002B5459 /* TUSearchRepoListViewController.swift in Sources */ = {isa = PBXBuildFile; fileRef = 7D5FA58D299A659D002B5459 /* TUSearchRepoListViewController.swift */; };
		7D5FA593299A659F002B5459 /* Assets.xcassets in Resources */ = {isa = PBXBuildFile; fileRef = 7D5FA592299A659F002B5459 /* Assets.xcassets */; };
		7D5FA596299A659F002B5459 /* LaunchScreen.storyboard in Resources */ = {isa = PBXBuildFile; fileRef = 7D5FA594299A659F002B5459 /* LaunchScreen.storyboard */; };
		7D5FA5A5299A6B4B002B5459 /* TUService.swift in Sources */ = {isa = PBXBuildFile; fileRef = 7D5FA5A4299A6B4B002B5459 /* TUService.swift */; };
		7D5FA5A7299A6B55002B5459 /* TURequest.swift in Sources */ = {isa = PBXBuildFile; fileRef = 7D5FA5A6299A6B55002B5459 /* TURequest.swift */; };
		7D5FA5A9299A6B66002B5459 /* TUEndpoint.swift in Sources */ = {isa = PBXBuildFile; fileRef = 7D5FA5A8299A6B66002B5459 /* TUEndpoint.swift */; };
		7D5FA5AB299A6F89002B5459 /* TURepository.swift in Sources */ = {isa = PBXBuildFile; fileRef = 7D5FA5AA299A6F89002B5459 /* TURepository.swift */; };
		7D5FA5AD299A6FB4002B5459 /* TUOwnerUser.swift in Sources */ = {isa = PBXBuildFile; fileRef = 7D5FA5AC299A6FB4002B5459 /* TUOwnerUser.swift */; };
		7D5FA5AF299A6FD9002B5459 /* TURepositoriesResponse.swift in Sources */ = {isa = PBXBuildFile; fileRef = 7D5FA5AE299A6FD9002B5459 /* TURepositoriesResponse.swift */; };
		7D5FA5B1299A7042002B5459 /* TURepositoryListView.swift in Sources */ = {isa = PBXBuildFile; fileRef = 7D5FA5B0299A7042002B5459 /* TURepositoryListView.swift */; };
		7D5FA5B6299A70D7002B5459 /* TURepositoryListTableViewCell.swift in Sources */ = {isa = PBXBuildFile; fileRef = 7D5FA5B5299A70D7002B5459 /* TURepositoryListTableViewCell.swift */; };
		7D5FA5B9299A71E9002B5459 /* TURepositroyListViewViewModel.swift in Sources */ = {isa = PBXBuildFile; fileRef = 7D5FA5B8299A71E9002B5459 /* TURepositroyListViewViewModel.swift */; };
		7D959FF1299A7B9B00A0C08F /* TURepositoryListTableViewCellViewModel.swift in Sources */ = {isa = PBXBuildFile; fileRef = 7D959FF0299A7B9B00A0C08F /* TURepositoryListTableViewCellViewModel.swift */; };
/* End PBXBuildFile section */

/* Begin PBXFileReference section */
		1709530AA044706CF9A68DA3 /* Pods-TestUndabot.debug.xcconfig */ = {isa = PBXFileReference; includeInIndex = 1; lastKnownFileType = text.xcconfig; name = "Pods-TestUndabot.debug.xcconfig"; path = "Target Support Files/Pods-TestUndabot/Pods-TestUndabot.debug.xcconfig"; sourceTree = "<group>"; };
		7D3DF7BB299A8B610054CC4C /* UIView.swift */ = {isa = PBXFileReference; lastKnownFileType = sourcecode.swift; path = UIView.swift; sourceTree = "<group>"; };
		7D3DF7BD299AA26F0054CC4C /* TUEmptyTableViewBackground.swift */ = {isa = PBXFileReference; lastKnownFileType = sourcecode.swift; path = TUEmptyTableViewBackground.swift; sourceTree = "<group>"; };
		7D3DF7BF299BE2D50054CC4C /* TUUserDetailsViewController.swift */ = {isa = PBXFileReference; lastKnownFileType = sourcecode.swift; path = TUUserDetailsViewController.swift; sourceTree = "<group>"; };
		7D3DF7C2299BE3E20054CC4C /* TUUserDetailsViewModel.swift */ = {isa = PBXFileReference; lastKnownFileType = sourcecode.swift; path = TUUserDetailsViewModel.swift; sourceTree = "<group>"; };
		7D3DF7C4299BE5600054CC4C /* TUUser.swift */ = {isa = PBXFileReference; lastKnownFileType = sourcecode.swift; path = TUUser.swift; sourceTree = "<group>"; };
		7D3DF7CA299C73240054CC4C /* TUUserDetailView.swift */ = {isa = PBXFileReference; lastKnownFileType = sourcecode.swift; path = TUUserDetailView.swift; sourceTree = "<group>"; };
		7D3DF7CE299D1C7B0054CC4C /* TUUserDetailPhotoCollectionViewCell.swift */ = {isa = PBXFileReference; lastKnownFileType = sourcecode.swift; path = TUUserDetailPhotoCollectionViewCell.swift; sourceTree = "<group>"; };
		7D3DF7D0299D1CB70054CC4C /* TUUserDetailsInfoCollectionViewCell.swift */ = {isa = PBXFileReference; lastKnownFileType = sourcecode.swift; path = TUUserDetailsInfoCollectionViewCell.swift; sourceTree = "<group>"; };
		7D3DF7D2299D1CF70054CC4C /* TUUserDetailPhotoCollectionViewCellViewModel.swift */ = {isa = PBXFileReference; lastKnownFileType = sourcecode.swift; path = TUUserDetailPhotoCollectionViewCellViewModel.swift; sourceTree = "<group>"; };
		7D3DF7D4299D1D110054CC4C /* TUUserDetailsInfoCollectionViewCellViewModel.swift */ = {isa = PBXFileReference; lastKnownFileType = sourcecode.swift; path = TUUserDetailsInfoCollectionViewCellViewModel.swift; sourceTree = "<group>"; };
		7D3DF7D7299D2F380054CC4C /* TUImageLoader.swift */ = {isa = PBXFileReference; lastKnownFileType = sourcecode.swift; path = TUImageLoader.swift; sourceTree = "<group>"; };
		7D3DF7D9299D36AD0054CC4C /* TUUserDetailsGitCollectionViewCell.swift */ = {isa = PBXFileReference; lastKnownFileType = sourcecode.swift; path = TUUserDetailsGitCollectionViewCell.swift; sourceTree = "<group>"; };
		7D3DF7DB299D398F0054CC4C /* TUUserDetailsGitCollectionViewCellViewModel.swift */ = {isa = PBXFileReference; lastKnownFileType = sourcecode.swift; path = TUUserDetailsGitCollectionViewCellViewModel.swift; sourceTree = "<group>"; };
		7D5E8FF4299D5EA100387227 /* TURepositoryDetailsViewController.swift */ = {isa = PBXFileReference; lastKnownFileType = sourcecode.swift; path = TURepositoryDetailsViewController.swift; sourceTree = "<group>"; };
		7D5E8FF8299D5FD900387227 /* TURepositoryDetailsView.swift */ = {isa = PBXFileReference; lastKnownFileType = sourcecode.swift; path = TURepositoryDetailsView.swift; sourceTree = "<group>"; };
		7D5E8FFB299D601600387227 /* TURepositoryDetailsViewModel.swift */ = {isa = PBXFileReference; lastKnownFileType = sourcecode.swift; path = TURepositoryDetailsViewModel.swift; sourceTree = "<group>"; };
		7D5E8FFE299D687800387227 /* TURepositoryDetailInfoCollectionViewCellViewModel.swift */ = {isa = PBXFileReference; lastKnownFileType = sourcecode.swift; path = TURepositoryDetailInfoCollectionViewCellViewModel.swift; sourceTree = "<group>"; };
		7D5E9000299D696E00387227 /* TURepositoryDetailDatesCollectionViewCellViewModel.swift */ = {isa = PBXFileReference; lastKnownFileType = sourcecode.swift; path = TURepositoryDetailDatesCollectionViewCellViewModel.swift; sourceTree = "<group>"; };
		7D5E9002299D699A00387227 /* TURepositoryDetailUrlsCollectionViewCellViewModel.swift */ = {isa = PBXFileReference; lastKnownFileType = sourcecode.swift; path = TURepositoryDetailUrlsCollectionViewCellViewModel.swift; sourceTree = "<group>"; };
		7D5E9004299D709400387227 /* TURepositoryDetailInfoCollectionViewCell.swift */ = {isa = PBXFileReference; lastKnownFileType = sourcecode.swift; path = TURepositoryDetailInfoCollectionViewCell.swift; sourceTree = "<group>"; };
		7D5E9006299D71AB00387227 /* TURepositoryDetailDatesCollectionViewCell.swift */ = {isa = PBXFileReference; lastKnownFileType = sourcecode.swift; path = TURepositoryDetailDatesCollectionViewCell.swift; sourceTree = "<group>"; };
		7D5E9008299D71DB00387227 /* TURepositoryDetailUrlsCollectionViewCell.swift */ = {isa = PBXFileReference; lastKnownFileType = sourcecode.swift; path = TURepositoryDetailUrlsCollectionViewCell.swift; sourceTree = "<group>"; };
		7D5E900B299DA96B00387227 /* TURepositoryDetailUserCollectionViewCellViewModel.swift */ = {isa = PBXFileReference; lastKnownFileType = sourcecode.swift; path = TURepositoryDetailUserCollectionViewCellViewModel.swift; sourceTree = "<group>"; };
		7D5E900D299DAA3400387227 /* TURepositoryDetailUserCollectionViewCell.swift */ = {isa = PBXFileReference; lastKnownFileType = sourcecode.swift; path = TURepositoryDetailUserCollectionViewCell.swift; sourceTree = "<group>"; };
		7D5FA586299A659D002B5459 /* TestUndabot.app */ = {isa = PBXFileReference; explicitFileType = wrapper.application; includeInIndex = 0; path = TestUndabot.app; sourceTree = BUILT_PRODUCTS_DIR; };
		7D5FA589299A659D002B5459 /* AppDelegate.swift */ = {isa = PBXFileReference; lastKnownFileType = sourcecode.swift; path = AppDelegate.swift; sourceTree = "<group>"; };
		7D5FA58B299A659D002B5459 /* SceneDelegate.swift */ = {isa = PBXFileReference; lastKnownFileType = sourcecode.swift; path = SceneDelegate.swift; sourceTree = "<group>"; };
		7D5FA58D299A659D002B5459 /* TUSearchRepoListViewController.swift */ = {isa = PBXFileReference; lastKnownFileType = sourcecode.swift; path = TUSearchRepoListViewController.swift; sourceTree = "<group>"; };
		7D5FA592299A659F002B5459 /* Assets.xcassets */ = {isa = PBXFileReference; lastKnownFileType = folder.assetcatalog; path = Assets.xcassets; sourceTree = "<group>"; };
		7D5FA595299A659F002B5459 /* Base */ = {isa = PBXFileReference; lastKnownFileType = file.storyboard; name = Base; path = Base.lproj/LaunchScreen.storyboard; sourceTree = "<group>"; };
		7D5FA597299A659F002B5459 /* Info.plist */ = {isa = PBXFileReference; lastKnownFileType = text.plist.xml; path = Info.plist; sourceTree = "<group>"; };
		7D5FA5A4299A6B4B002B5459 /* TUService.swift */ = {isa = PBXFileReference; lastKnownFileType = sourcecode.swift; path = TUService.swift; sourceTree = "<group>"; };
		7D5FA5A6299A6B55002B5459 /* TURequest.swift */ = {isa = PBXFileReference; lastKnownFileType = sourcecode.swift; path = TURequest.swift; sourceTree = "<group>"; };
		7D5FA5A8299A6B66002B5459 /* TUEndpoint.swift */ = {isa = PBXFileReference; lastKnownFileType = sourcecode.swift; path = TUEndpoint.swift; sourceTree = "<group>"; };
		7D5FA5AA299A6F89002B5459 /* TURepository.swift */ = {isa = PBXFileReference; lastKnownFileType = sourcecode.swift; path = TURepository.swift; sourceTree = "<group>"; };
		7D5FA5AC299A6FB4002B5459 /* TUOwnerUser.swift */ = {isa = PBXFileReference; lastKnownFileType = sourcecode.swift; path = TUOwnerUser.swift; sourceTree = "<group>"; };
		7D5FA5AE299A6FD9002B5459 /* TURepositoriesResponse.swift */ = {isa = PBXFileReference; lastKnownFileType = sourcecode.swift; path = TURepositoriesResponse.swift; sourceTree = "<group>"; };
		7D5FA5B0299A7042002B5459 /* TURepositoryListView.swift */ = {isa = PBXFileReference; lastKnownFileType = sourcecode.swift; path = TURepositoryListView.swift; sourceTree = "<group>"; };
		7D5FA5B5299A70D7002B5459 /* TURepositoryListTableViewCell.swift */ = {isa = PBXFileReference; lastKnownFileType = sourcecode.swift; path = TURepositoryListTableViewCell.swift; sourceTree = "<group>"; };
		7D5FA5B8299A71E9002B5459 /* TURepositroyListViewViewModel.swift */ = {isa = PBXFileReference; lastKnownFileType = sourcecode.swift; path = TURepositroyListViewViewModel.swift; sourceTree = "<group>"; };
		7D959FF0299A7B9B00A0C08F /* TURepositoryListTableViewCellViewModel.swift */ = {isa = PBXFileReference; lastKnownFileType = sourcecode.swift; path = TURepositoryListTableViewCellViewModel.swift; sourceTree = "<group>"; };
		98F9B03726A482F7101E731F /* Pods-TestUndabot.release.xcconfig */ = {isa = PBXFileReference; includeInIndex = 1; lastKnownFileType = text.xcconfig; name = "Pods-TestUndabot.release.xcconfig"; path = "Target Support Files/Pods-TestUndabot/Pods-TestUndabot.release.xcconfig"; sourceTree = "<group>"; };
		C77D02A10ADDDBEBD07244DF /* Pods_TestUndabot.framework */ = {isa = PBXFileReference; explicitFileType = wrapper.framework; includeInIndex = 0; path = Pods_TestUndabot.framework; sourceTree = BUILT_PRODUCTS_DIR; };
/* End PBXFileReference section */

/* Begin PBXFrameworksBuildPhase section */
		7D5FA583299A659D002B5459 /* Frameworks */ = {
			isa = PBXFrameworksBuildPhase;
			buildActionMask = 2147483647;
			files = (
				52F626A68AE4A7A411AA5254 /* Pods_TestUndabot.framework in Frameworks */,
			);
			runOnlyForDeploymentPostprocessing = 0;
		};
/* End PBXFrameworksBuildPhase section */

/* Begin PBXGroup section */
		20E34233DB513F9BD9DC7E4D /* Pods */ = {
			isa = PBXGroup;
			children = (
				1709530AA044706CF9A68DA3 /* Pods-TestUndabot.debug.xcconfig */,
				98F9B03726A482F7101E731F /* Pods-TestUndabot.release.xcconfig */,
			);
			path = Pods;
			sourceTree = "<group>";
		};
		36E9C67199942AEFB2E4C72C /* Frameworks */ = {
			isa = PBXGroup;
			children = (
				C77D02A10ADDDBEBD07244DF /* Pods_TestUndabot.framework */,
			);
			name = Frameworks;
			sourceTree = "<group>";
		};
		7D3DF7BA299A8B4D0054CC4C /* Extensions */ = {
			isa = PBXGroup;
			children = (
				7D3DF7BB299A8B610054CC4C /* UIView.swift */,
			);
			path = Extensions;
			sourceTree = "<group>";
		};
		7D3DF7C1299BE3BF0054CC4C /* UserDetails */ = {
			isa = PBXGroup;
			children = (
				7D3DF7CC299D1C370054CC4C /* CellViewModels */,
				7D3DF7C2299BE3E20054CC4C /* TUUserDetailsViewModel.swift */,
			);
			path = UserDetails;
			sourceTree = "<group>";
		};
		7D3DF7C8299C64C20054CC4C /* Reusable */ = {
			isa = PBXGroup;
			children = (
				7D3DF7BD299AA26F0054CC4C /* TUEmptyTableViewBackground.swift */,
			);
			path = Reusable;
			sourceTree = "<group>";
		};
		7D3DF7C9299C73050054CC4C /* UserDetails */ = {
			isa = PBXGroup;
			children = (
				7D3DF7CD299D1C400054CC4C /* Cells */,
				7D3DF7CA299C73240054CC4C /* TUUserDetailView.swift */,
			);
			path = UserDetails;
			sourceTree = "<group>";
		};
		7D3DF7CC299D1C370054CC4C /* CellViewModels */ = {
			isa = PBXGroup;
			children = (
				7D3DF7D2299D1CF70054CC4C /* TUUserDetailPhotoCollectionViewCellViewModel.swift */,
				7D3DF7D4299D1D110054CC4C /* TUUserDetailsInfoCollectionViewCellViewModel.swift */,
				7D3DF7DB299D398F0054CC4C /* TUUserDetailsGitCollectionViewCellViewModel.swift */,
			);
			path = CellViewModels;
			sourceTree = "<group>";
		};
		7D3DF7CD299D1C400054CC4C /* Cells */ = {
			isa = PBXGroup;
			children = (
				7D3DF7CE299D1C7B0054CC4C /* TUUserDetailPhotoCollectionViewCell.swift */,
				7D3DF7D0299D1CB70054CC4C /* TUUserDetailsInfoCollectionViewCell.swift */,
				7D3DF7D9299D36AD0054CC4C /* TUUserDetailsGitCollectionViewCell.swift */,
			);
			path = Cells;
			sourceTree = "<group>";
		};
		7D3DF7D6299D2F260054CC4C /* Managers */ = {
			isa = PBXGroup;
			children = (
				7D3DF7D7299D2F380054CC4C /* TUImageLoader.swift */,
			);
			path = Managers;
			sourceTree = "<group>";
		};
		7D5E8FF6299D5F8C00387227 /* RepositoryDetails */ = {
			isa = PBXGroup;
			children = (
				7D5E8FF7299D5FC200387227 /* Cells */,
				7D5E8FF8299D5FD900387227 /* TURepositoryDetailsView.swift */,
			);
			path = RepositoryDetails;
			sourceTree = "<group>";
		};
		7D5E8FF7299D5FC200387227 /* Cells */ = {
			isa = PBXGroup;
			children = (
				7D5E9004299D709400387227 /* TURepositoryDetailInfoCollectionViewCell.swift */,
				7D5E9006299D71AB00387227 /* TURepositoryDetailDatesCollectionViewCell.swift */,
				7D5E9008299D71DB00387227 /* TURepositoryDetailUrlsCollectionViewCell.swift */,
				7D5E900D299DAA3400387227 /* TURepositoryDetailUserCollectionViewCell.swift */,
			);
			path = Cells;
			sourceTree = "<group>";
		};
		7D5E8FFA299D600400387227 /* RepositoryDetails */ = {
			isa = PBXGroup;
			children = (
				7D5E8FFD299D642300387227 /* CellViewModels */,
				7D5E8FFB299D601600387227 /* TURepositoryDetailsViewModel.swift */,
			);
			path = RepositoryDetails;
			sourceTree = "<group>";
		};
		7D5E8FFD299D642300387227 /* CellViewModels */ = {
			isa = PBXGroup;
			children = (
				7D5E8FFE299D687800387227 /* TURepositoryDetailInfoCollectionViewCellViewModel.swift */,
				7D5E9000299D696E00387227 /* TURepositoryDetailDatesCollectionViewCellViewModel.swift */,
				7D5E9002299D699A00387227 /* TURepositoryDetailUrlsCollectionViewCellViewModel.swift */,
				7D5E900B299DA96B00387227 /* TURepositoryDetailUserCollectionViewCellViewModel.swift */,
			);
			path = CellViewModels;
			sourceTree = "<group>";
		};
		7D5E900F299DB6A400387227 /* Cells */ = {
			isa = PBXGroup;
			children = (
				7D959FF0299A7B9B00A0C08F /* TURepositoryListTableViewCellViewModel.swift */,
			);
			path = Cells;
			sourceTree = "<group>";
		};
		7D5FA57D299A659D002B5459 = {
			isa = PBXGroup;
			children = (
				7D5FA588299A659D002B5459 /* TestUndabot */,
				7D5FA587299A659D002B5459 /* Products */,
				20E34233DB513F9BD9DC7E4D /* Pods */,
				36E9C67199942AEFB2E4C72C /* Frameworks */,
			);
			sourceTree = "<group>";
		};
		7D5FA587299A659D002B5459 /* Products */ = {
			isa = PBXGroup;
			children = (
				7D5FA586299A659D002B5459 /* TestUndabot.app */,
			);
			name = Products;
			sourceTree = "<group>";
		};
		7D5FA588299A659D002B5459 /* TestUndabot */ = {
			isa = PBXGroup;
			children = (
				7D3DF7D6299D2F260054CC4C /* Managers */,
				7D3DF7BA299A8B4D0054CC4C /* Extensions */,
				7D5FA5A2299A65E8002B5459 /* Resources */,
				7D5FA59D299A65C1002B5459 /* APIClient */,
				7D5FA5A1299A65DF002B5459 /* Models */,
				7D5FA5A0299A65CD002B5459 /* ViewModels */,
				7D5FA59F299A65CB002B5459 /* Views */,
				7D5FA59E299A65C9002B5459 /* Controllers */,
				7D5FA597299A659F002B5459 /* Info.plist */,
			);
			path = TestUndabot;
			sourceTree = "<group>";
		};
		7D5FA59D299A65C1002B5459 /* APIClient */ = {
			isa = PBXGroup;
			children = (
				7D5FA5A4299A6B4B002B5459 /* TUService.swift */,
				7D5FA5A6299A6B55002B5459 /* TURequest.swift */,
				7D5FA5A8299A6B66002B5459 /* TUEndpoint.swift */,
			);
			path = APIClient;
			sourceTree = "<group>";
		};
		7D5FA59E299A65C9002B5459 /* Controllers */ = {
			isa = PBXGroup;
			children = (
				7D5FA58D299A659D002B5459 /* TUSearchRepoListViewController.swift */,
				7D3DF7BF299BE2D50054CC4C /* TUUserDetailsViewController.swift */,
				7D5E8FF4299D5EA100387227 /* TURepositoryDetailsViewController.swift */,
			);
			path = Controllers;
			sourceTree = "<group>";
		};
		7D5FA59F299A65CB002B5459 /* Views */ = {
			isa = PBXGroup;
			children = (
				7D5E8FF6299D5F8C00387227 /* RepositoryDetails */,
				7D3DF7C9299C73050054CC4C /* UserDetails */,
				7D5FA5B3299A70A0002B5459 /* RepositoryListView */,
				7D3DF7C8299C64C20054CC4C /* Reusable */,
			);
			path = Views;
			sourceTree = "<group>";
		};
		7D5FA5A0299A65CD002B5459 /* ViewModels */ = {
			isa = PBXGroup;
			children = (
				7D5E8FFA299D600400387227 /* RepositoryDetails */,
				7D3DF7C1299BE3BF0054CC4C /* UserDetails */,
				7D5FA5B7299A71B9002B5459 /* RepositoryListView */,
			);
			path = ViewModels;
			sourceTree = "<group>";
		};
		7D5FA5A1299A65DF002B5459 /* Models */ = {
			isa = PBXGroup;
			children = (
				7D5FA5A3299A6B24002B5459 /* Responses */,
				7D5FA5AA299A6F89002B5459 /* TURepository.swift */,
				7D5FA5AC299A6FB4002B5459 /* TUOwnerUser.swift */,
				7D3DF7C4299BE5600054CC4C /* TUUser.swift */,
			);
			path = Models;
			sourceTree = "<group>";
		};
		7D5FA5A2299A65E8002B5459 /* Resources */ = {
			isa = PBXGroup;
			children = (
				7D5FA589299A659D002B5459 /* AppDelegate.swift */,
				7D5FA58B299A659D002B5459 /* SceneDelegate.swift */,
				7D5FA592299A659F002B5459 /* Assets.xcassets */,
				7D5FA594299A659F002B5459 /* LaunchScreen.storyboard */,
			);
			path = Resources;
			sourceTree = "<group>";
		};
		7D5FA5A3299A6B24002B5459 /* Responses */ = {
			isa = PBXGroup;
			children = (
				7D5FA5AE299A6FD9002B5459 /* TURepositoriesResponse.swift */,
			);
			path = Responses;
			sourceTree = "<group>";
		};
		7D5FA5B2299A7092002B5459 /* Cells */ = {
			isa = PBXGroup;
			children = (
				7D5FA5B5299A70D7002B5459 /* TURepositoryListTableViewCell.swift */,
			);
			path = Cells;
			sourceTree = "<group>";
		};
		7D5FA5B3299A70A0002B5459 /* RepositoryListView */ = {
			isa = PBXGroup;
			children = (
				7D5FA5B2299A7092002B5459 /* Cells */,
				7D5FA5B0299A7042002B5459 /* TURepositoryListView.swift */,
			);
			path = RepositoryListView;
			sourceTree = "<group>";
		};
		7D5FA5B7299A71B9002B5459 /* RepositoryListView */ = {
			isa = PBXGroup;
			children = (
				7D5E900F299DB6A400387227 /* Cells */,
				7D5FA5B8299A71E9002B5459 /* TURepositroyListViewViewModel.swift */,
			);
			path = RepositoryListView;
			sourceTree = "<group>";
		};
/* End PBXGroup section */

/* Begin PBXNativeTarget section */
		7D5FA585299A659D002B5459 /* TestUndabot */ = {
			isa = PBXNativeTarget;
			buildConfigurationList = 7D5FA59A299A659F002B5459 /* Build configuration list for PBXNativeTarget "TestUndabot" */;
			buildPhases = (
				110647E254645380CB39C31F /* [CP] Check Pods Manifest.lock */,
				7D5FA582299A659D002B5459 /* Sources */,
				7D5FA583299A659D002B5459 /* Frameworks */,
				7D5FA584299A659D002B5459 /* Resources */,
				57F9256A0847EABD27842A6C /* [CP] Embed Pods Frameworks */,
				7D8A3485299D512900886588 /* ShellScript */,
			);
			buildRules = (
			);
			dependencies = (
			);
			name = TestUndabot;
			productName = TestUndabot;
			productReference = 7D5FA586299A659D002B5459 /* TestUndabot.app */;
			productType = "com.apple.product-type.application";
		};
/* End PBXNativeTarget section */

/* Begin PBXProject section */
		7D5FA57E299A659D002B5459 /* Project object */ = {
			isa = PBXProject;
			attributes = {
				BuildIndependentTargetsInParallel = 1;
				LastSwiftUpdateCheck = 1420;
				LastUpgradeCheck = 1420;
				TargetAttributes = {
					7D5FA585299A659D002B5459 = {
						CreatedOnToolsVersion = 14.2;
					};
				};
			};
			buildConfigurationList = 7D5FA581299A659D002B5459 /* Build configuration list for PBXProject "TestUndabot" */;
			compatibilityVersion = "Xcode 14.0";
			developmentRegion = en;
			hasScannedForEncodings = 0;
			knownRegions = (
				en,
				Base,
			);
			mainGroup = 7D5FA57D299A659D002B5459;
			productRefGroup = 7D5FA587299A659D002B5459 /* Products */;
			projectDirPath = "";
			projectRoot = "";
			targets = (
				7D5FA585299A659D002B5459 /* TestUndabot */,
			);
		};
/* End PBXProject section */

/* Begin PBXResourcesBuildPhase section */
		7D5FA584299A659D002B5459 /* Resources */ = {
			isa = PBXResourcesBuildPhase;
			buildActionMask = 2147483647;
			files = (
				7D5FA596299A659F002B5459 /* LaunchScreen.storyboard in Resources */,
				7D5FA593299A659F002B5459 /* Assets.xcassets in Resources */,
			);
			runOnlyForDeploymentPostprocessing = 0;
		};
/* End PBXResourcesBuildPhase section */

/* Begin PBXShellScriptBuildPhase section */
		110647E254645380CB39C31F /* [CP] Check Pods Manifest.lock */ = {
			isa = PBXShellScriptBuildPhase;
			buildActionMask = 2147483647;
			files = (
			);
			inputFileListPaths = (
			);
			inputPaths = (
				"${PODS_PODFILE_DIR_PATH}/Podfile.lock",
				"${PODS_ROOT}/Manifest.lock",
			);
			name = "[CP] Check Pods Manifest.lock";
			outputFileListPaths = (
			);
			outputPaths = (
				"$(DERIVED_FILE_DIR)/Pods-TestUndabot-checkManifestLockResult.txt",
			);
			runOnlyForDeploymentPostprocessing = 0;
			shellPath = /bin/sh;
			shellScript = "diff \"${PODS_PODFILE_DIR_PATH}/Podfile.lock\" \"${PODS_ROOT}/Manifest.lock\" > /dev/null\nif [ $? != 0 ] ; then\n    # print error to STDERR\n    echo \"error: The sandbox is not in sync with the Podfile.lock. Run 'pod install' or update your CocoaPods installation.\" >&2\n    exit 1\nfi\n# This output is used by Xcode 'outputs' to avoid re-running this script phase.\necho \"SUCCESS\" > \"${SCRIPT_OUTPUT_FILE_0}\"\n";
			showEnvVarsInLog = 0;
		};
		57F9256A0847EABD27842A6C /* [CP] Embed Pods Frameworks */ = {
			isa = PBXShellScriptBuildPhase;
			buildActionMask = 2147483647;
			files = (
			);
			inputFileListPaths = (
				"${PODS_ROOT}/Target Support Files/Pods-TestUndabot/Pods-TestUndabot-frameworks-${CONFIGURATION}-input-files.xcfilelist",
			);
			name = "[CP] Embed Pods Frameworks";
			outputFileListPaths = (
				"${PODS_ROOT}/Target Support Files/Pods-TestUndabot/Pods-TestUndabot-frameworks-${CONFIGURATION}-output-files.xcfilelist",
			);
			runOnlyForDeploymentPostprocessing = 0;
			shellPath = /bin/sh;
			shellScript = "\"${PODS_ROOT}/Target Support Files/Pods-TestUndabot/Pods-TestUndabot-frameworks.sh\"\n";
			showEnvVarsInLog = 0;
		};
		7D8A3485299D512900886588 /* ShellScript */ = {
			isa = PBXShellScriptBuildPhase;
			alwaysOutOfDate = 1;
			buildActionMask = 2147483647;
			files = (
			);
			inputFileListPaths = (
			);
			inputPaths = (
			);
			outputFileListPaths = (
			);
			outputPaths = (
			);
			runOnlyForDeploymentPostprocessing = 0;
			shellPath = /bin/sh;
			shellScript = "if which swiftlint >/dev/null; then\n    swiftlint\nelse\n    echo \"warning: SwiftLint not installed, download from https://github.com/realm/SwiftLint\"\nfi\n";
		};
/* End PBXShellScriptBuildPhase section */

/* Begin PBXSourcesBuildPhase section */
		7D5FA582299A659D002B5459 /* Sources */ = {
			isa = PBXSourcesBuildPhase;
			buildActionMask = 2147483647;
			files = (
				7D5FA5B6299A70D7002B5459 /* TURepositoryListTableViewCell.swift in Sources */,
				7D5FA5A7299A6B55002B5459 /* TURequest.swift in Sources */,
				7D5FA5A9299A6B66002B5459 /* TUEndpoint.swift in Sources */,
				7D5E9009299D71DB00387227 /* TURepositoryDetailUrlsCollectionViewCell.swift in Sources */,
				7D5FA5A5299A6B4B002B5459 /* TUService.swift in Sources */,
				7D3DF7C3299BE3E20054CC4C /* TUUserDetailsViewModel.swift in Sources */,
				7D5FA58E299A659D002B5459 /* TUSearchRepoListViewController.swift in Sources */,
				7D3DF7BE299AA26F0054CC4C /* TUEmptyTableViewBackground.swift in Sources */,
				7D5E9003299D699A00387227 /* TURepositoryDetailUrlsCollectionViewCellViewModel.swift in Sources */,
				7D5E9007299D71AB00387227 /* TURepositoryDetailDatesCollectionViewCell.swift in Sources */,
				7D3DF7DA299D36AD0054CC4C /* TUUserDetailsGitCollectionViewCell.swift in Sources */,
				7D3DF7CB299C73240054CC4C /* TUUserDetailView.swift in Sources */,
				7D5FA58A299A659D002B5459 /* AppDelegate.swift in Sources */,
				7D3DF7D8299D2F380054CC4C /* TUImageLoader.swift in Sources */,
				7D5FA5B9299A71E9002B5459 /* TURepositroyListViewViewModel.swift in Sources */,
				7D5FA5AB299A6F89002B5459 /* TURepository.swift in Sources */,
				7D5E900C299DA96C00387227 /* TURepositoryDetailUserCollectionViewCellViewModel.swift in Sources */,
				7D959FF1299A7B9B00A0C08F /* TURepositoryListTableViewCellViewModel.swift in Sources */,
				7D3DF7C5299BE5600054CC4C /* TUUser.swift in Sources */,
				7D5E9001299D696E00387227 /* TURepositoryDetailDatesCollectionViewCellViewModel.swift in Sources */,
				7D5E8FFF299D687800387227 /* TURepositoryDetailInfoCollectionViewCellViewModel.swift in Sources */,
				7D5E8FF5299D5EA100387227 /* TURepositoryDetailsViewController.swift in Sources */,
				7D5FA5AF299A6FD9002B5459 /* TURepositoriesResponse.swift in Sources */,
				7D3DF7D1299D1CB70054CC4C /* TUUserDetailsInfoCollectionViewCell.swift in Sources */,
				7D3DF7C0299BE2D50054CC4C /* TUUserDetailsViewController.swift in Sources */,
				7D5E900E299DAA3400387227 /* TURepositoryDetailUserCollectionViewCell.swift in Sources */,
				7D3DF7BC299A8B610054CC4C /* UIView.swift in Sources */,
				7D3DF7D5299D1D110054CC4C /* TUUserDetailsInfoCollectionViewCellViewModel.swift in Sources */,
				7D5E9005299D709400387227 /* TURepositoryDetailInfoCollectionViewCell.swift in Sources */,
				7D3DF7CF299D1C7C0054CC4C /* TUUserDetailPhotoCollectionViewCell.swift in Sources */,
				7D5FA58C299A659D002B5459 /* SceneDelegate.swift in Sources */,
				7D5E8FFC299D601600387227 /* TURepositoryDetailsViewModel.swift in Sources */,
				7D3DF7D3299D1CF70054CC4C /* TUUserDetailPhotoCollectionViewCellViewModel.swift in Sources */,
				7D5FA5AD299A6FB4002B5459 /* TUOwnerUser.swift in Sources */,
				7D5FA5B1299A7042002B5459 /* TURepositoryListView.swift in Sources */,
				7D5E8FF9299D5FD900387227 /* TURepositoryDetailsView.swift in Sources */,
				7D3DF7DC299D398F0054CC4C /* TUUserDetailsGitCollectionViewCellViewModel.swift in Sources */,
			);
			runOnlyForDeploymentPostprocessing = 0;
		};
/* End PBXSourcesBuildPhase section */

/* Begin PBXVariantGroup section */
		7D5FA594299A659F002B5459 /* LaunchScreen.storyboard */ = {
			isa = PBXVariantGroup;
			children = (
				7D5FA595299A659F002B5459 /* Base */,
			);
			name = LaunchScreen.storyboard;
			sourceTree = "<group>";
		};
/* End PBXVariantGroup section */

/* Begin XCBuildConfiguration section */
		7D5FA598299A659F002B5459 /* Debug */ = {
			isa = XCBuildConfiguration;
			buildSettings = {
				ALWAYS_SEARCH_USER_PATHS = NO;
				CLANG_ANALYZER_NONNULL = YES;
				CLANG_ANALYZER_NUMBER_OBJECT_CONVERSION = YES_AGGRESSIVE;
				CLANG_CXX_LANGUAGE_STANDARD = "gnu++20";
				CLANG_ENABLE_MODULES = YES;
				CLANG_ENABLE_OBJC_ARC = YES;
				CLANG_ENABLE_OBJC_WEAK = YES;
				CLANG_WARN_BLOCK_CAPTURE_AUTORELEASING = YES;
				CLANG_WARN_BOOL_CONVERSION = YES;
				CLANG_WARN_COMMA = YES;
				CLANG_WARN_CONSTANT_CONVERSION = YES;
				CLANG_WARN_DEPRECATED_OBJC_IMPLEMENTATIONS = YES;
				CLANG_WARN_DIRECT_OBJC_ISA_USAGE = YES_ERROR;
				CLANG_WARN_DOCUMENTATION_COMMENTS = YES;
				CLANG_WARN_EMPTY_BODY = YES;
				CLANG_WARN_ENUM_CONVERSION = YES;
				CLANG_WARN_INFINITE_RECURSION = YES;
				CLANG_WARN_INT_CONVERSION = YES;
				CLANG_WARN_NON_LITERAL_NULL_CONVERSION = YES;
				CLANG_WARN_OBJC_IMPLICIT_RETAIN_SELF = YES;
				CLANG_WARN_OBJC_LITERAL_CONVERSION = YES;
				CLANG_WARN_OBJC_ROOT_CLASS = YES_ERROR;
				CLANG_WARN_QUOTED_INCLUDE_IN_FRAMEWORK_HEADER = YES;
				CLANG_WARN_RANGE_LOOP_ANALYSIS = YES;
				CLANG_WARN_STRICT_PROTOTYPES = YES;
				CLANG_WARN_SUSPICIOUS_MOVE = YES;
				CLANG_WARN_UNGUARDED_AVAILABILITY = YES_AGGRESSIVE;
				CLANG_WARN_UNREACHABLE_CODE = YES;
				CLANG_WARN__DUPLICATE_METHOD_MATCH = YES;
				COPY_PHASE_STRIP = NO;
				DEBUG_INFORMATION_FORMAT = dwarf;
				ENABLE_STRICT_OBJC_MSGSEND = YES;
				ENABLE_TESTABILITY = YES;
				GCC_C_LANGUAGE_STANDARD = gnu11;
				GCC_DYNAMIC_NO_PIC = NO;
				GCC_NO_COMMON_BLOCKS = YES;
				GCC_OPTIMIZATION_LEVEL = 0;
				GCC_PREPROCESSOR_DEFINITIONS = (
					"DEBUG=1",
					"$(inherited)",
				);
				GCC_WARN_64_TO_32_BIT_CONVERSION = YES;
				GCC_WARN_ABOUT_RETURN_TYPE = YES_ERROR;
				GCC_WARN_UNDECLARED_SELECTOR = YES;
				GCC_WARN_UNINITIALIZED_AUTOS = YES_AGGRESSIVE;
				GCC_WARN_UNUSED_FUNCTION = YES;
				GCC_WARN_UNUSED_VARIABLE = YES;
				IPHONEOS_DEPLOYMENT_TARGET = 16.2;
				MTL_ENABLE_DEBUG_INFO = INCLUDE_SOURCE;
				MTL_FAST_MATH = YES;
				ONLY_ACTIVE_ARCH = YES;
				SDKROOT = iphoneos;
				SWIFT_ACTIVE_COMPILATION_CONDITIONS = DEBUG;
				SWIFT_OPTIMIZATION_LEVEL = "-Onone";
			};
			name = Debug;
		};
		7D5FA599299A659F002B5459 /* Release */ = {
			isa = XCBuildConfiguration;
			buildSettings = {
				ALWAYS_SEARCH_USER_PATHS = NO;
				CLANG_ANALYZER_NONNULL = YES;
				CLANG_ANALYZER_NUMBER_OBJECT_CONVERSION = YES_AGGRESSIVE;
				CLANG_CXX_LANGUAGE_STANDARD = "gnu++20";
				CLANG_ENABLE_MODULES = YES;
				CLANG_ENABLE_OBJC_ARC = YES;
				CLANG_ENABLE_OBJC_WEAK = YES;
				CLANG_WARN_BLOCK_CAPTURE_AUTORELEASING = YES;
				CLANG_WARN_BOOL_CONVERSION = YES;
				CLANG_WARN_COMMA = YES;
				CLANG_WARN_CONSTANT_CONVERSION = YES;
				CLANG_WARN_DEPRECATED_OBJC_IMPLEMENTATIONS = YES;
				CLANG_WARN_DIRECT_OBJC_ISA_USAGE = YES_ERROR;
				CLANG_WARN_DOCUMENTATION_COMMENTS = YES;
				CLANG_WARN_EMPTY_BODY = YES;
				CLANG_WARN_ENUM_CONVERSION = YES;
				CLANG_WARN_INFINITE_RECURSION = YES;
				CLANG_WARN_INT_CONVERSION = YES;
				CLANG_WARN_NON_LITERAL_NULL_CONVERSION = YES;
				CLANG_WARN_OBJC_IMPLICIT_RETAIN_SELF = YES;
				CLANG_WARN_OBJC_LITERAL_CONVERSION = YES;
				CLANG_WARN_OBJC_ROOT_CLASS = YES_ERROR;
				CLANG_WARN_QUOTED_INCLUDE_IN_FRAMEWORK_HEADER = YES;
				CLANG_WARN_RANGE_LOOP_ANALYSIS = YES;
				CLANG_WARN_STRICT_PROTOTYPES = YES;
				CLANG_WARN_SUSPICIOUS_MOVE = YES;
				CLANG_WARN_UNGUARDED_AVAILABILITY = YES_AGGRESSIVE;
				CLANG_WARN_UNREACHABLE_CODE = YES;
				CLANG_WARN__DUPLICATE_METHOD_MATCH = YES;
				COPY_PHASE_STRIP = NO;
				DEBUG_INFORMATION_FORMAT = "dwarf-with-dsym";
				ENABLE_NS_ASSERTIONS = NO;
				ENABLE_STRICT_OBJC_MSGSEND = YES;
				GCC_C_LANGUAGE_STANDARD = gnu11;
				GCC_NO_COMMON_BLOCKS = YES;
				GCC_WARN_64_TO_32_BIT_CONVERSION = YES;
				GCC_WARN_ABOUT_RETURN_TYPE = YES_ERROR;
				GCC_WARN_UNDECLARED_SELECTOR = YES;
				GCC_WARN_UNINITIALIZED_AUTOS = YES_AGGRESSIVE;
				GCC_WARN_UNUSED_FUNCTION = YES;
				GCC_WARN_UNUSED_VARIABLE = YES;
				IPHONEOS_DEPLOYMENT_TARGET = 16.2;
				MTL_ENABLE_DEBUG_INFO = NO;
				MTL_FAST_MATH = YES;
				SDKROOT = iphoneos;
				SWIFT_COMPILATION_MODE = wholemodule;
				SWIFT_OPTIMIZATION_LEVEL = "-O";
				VALIDATE_PRODUCT = YES;
			};
			name = Release;
		};
		7D5FA59B299A659F002B5459 /* Debug */ = {
			isa = XCBuildConfiguration;
			baseConfigurationReference = 1709530AA044706CF9A68DA3 /* Pods-TestUndabot.debug.xcconfig */;
			buildSettings = {
				ASSETCATALOG_COMPILER_APPICON_NAME = AppIcon;
				ASSETCATALOG_COMPILER_GLOBAL_ACCENT_COLOR_NAME = AccentColor;
				CODE_SIGN_STYLE = Automatic;
				CURRENT_PROJECT_VERSION = 1;
				DEVELOPMENT_TEAM = VHH85G7C2B;
				GENERATE_INFOPLIST_FILE = YES;
				INFOPLIST_FILE = TestUndabot/Info.plist;
				INFOPLIST_KEY_UIApplicationSupportsIndirectInputEvents = YES;
				INFOPLIST_KEY_UILaunchStoryboardName = LaunchScreen;
				INFOPLIST_KEY_UISupportedInterfaceOrientations_iPad = "UIInterfaceOrientationPortrait UIInterfaceOrientationPortraitUpsideDown UIInterfaceOrientationLandscapeLeft UIInterfaceOrientationLandscapeRight";
				INFOPLIST_KEY_UISupportedInterfaceOrientations_iPhone = "UIInterfaceOrientationPortrait UIInterfaceOrientationLandscapeLeft UIInterfaceOrientationLandscapeRight";
				IPHONEOS_DEPLOYMENT_TARGET = 16.2;
				LD_RUNPATH_SEARCH_PATHS = (
					"$(inherited)",
					"@executable_path/Frameworks",
				);
				MARKETING_VERSION = 1.0;
				PRODUCT_BUNDLE_IDENTIFIER = com.TestUndabot;
				PRODUCT_NAME = "$(TARGET_NAME)";
				SWIFT_EMIT_LOC_STRINGS = YES;
				SWIFT_VERSION = 5.0;
				TARGETED_DEVICE_FAMILY = "1,2";
			};
			name = Debug;
		};
		7D5FA59C299A659F002B5459 /* Release */ = {
			isa = XCBuildConfiguration;
			baseConfigurationReference = 98F9B03726A482F7101E731F /* Pods-TestUndabot.release.xcconfig */;
			buildSettings = {
				ASSETCATALOG_COMPILER_APPICON_NAME = AppIcon;
				ASSETCATALOG_COMPILER_GLOBAL_ACCENT_COLOR_NAME = AccentColor;
				CODE_SIGN_STYLE = Automatic;
				CURRENT_PROJECT_VERSION = 1;
				DEVELOPMENT_TEAM = VHH85G7C2B;
				GENERATE_INFOPLIST_FILE = YES;
				INFOPLIST_FILE = TestUndabot/Info.plist;
				INFOPLIST_KEY_UIApplicationSupportsIndirectInputEvents = YES;
				INFOPLIST_KEY_UILaunchStoryboardName = LaunchScreen;
				INFOPLIST_KEY_UISupportedInterfaceOrientations_iPad = "UIInterfaceOrientationPortrait UIInterfaceOrientationPortraitUpsideDown UIInterfaceOrientationLandscapeLeft UIInterfaceOrientationLandscapeRight";
				INFOPLIST_KEY_UISupportedInterfaceOrientations_iPhone = "UIInterfaceOrientationPortrait UIInterfaceOrientationLandscapeLeft UIInterfaceOrientationLandscapeRight";
				IPHONEOS_DEPLOYMENT_TARGET = 16.2;
				LD_RUNPATH_SEARCH_PATHS = (
					"$(inherited)",
					"@executable_path/Frameworks",
				);
				MARKETING_VERSION = 1.0;
				PRODUCT_BUNDLE_IDENTIFIER = com.TestUndabot;
				PRODUCT_NAME = "$(TARGET_NAME)";
				SWIFT_EMIT_LOC_STRINGS = YES;
				SWIFT_VERSION = 5.0;
				TARGETED_DEVICE_FAMILY = "1,2";
			};
			name = Release;
		};
/* End XCBuildConfiguration section */

/* Begin XCConfigurationList section */
		7D5FA581299A659D002B5459 /* Build configuration list for PBXProject "TestUndabot" */ = {
			isa = XCConfigurationList;
			buildConfigurations = (
				7D5FA598299A659F002B5459 /* Debug */,
				7D5FA599299A659F002B5459 /* Release */,
			);
			defaultConfigurationIsVisible = 0;
			defaultConfigurationName = Release;
		};
		7D5FA59A299A659F002B5459 /* Build configuration list for PBXNativeTarget "TestUndabot" */ = {
			isa = XCConfigurationList;
			buildConfigurations = (
				7D5FA59B299A659F002B5459 /* Debug */,
				7D5FA59C299A659F002B5459 /* Release */,
			);
			defaultConfigurationIsVisible = 0;
			defaultConfigurationName = Release;
		};
/* End XCConfigurationList section */
	};
	rootObject = 7D5FA57E299A659D002B5459 /* Project object */;
}
